
Microsoft Visual Studio Solution File, Format Version 12.00
# Visual Studio Version 17
VisualStudioVersion = 17.5.33627.172
MinimumVisualStudioVersion = 10.0.40219.1
Project("{FAE04EC0-301F-11D3-BF4B-00C04F79EFBC}") = "DemoAppX.UWP", "DemoAppX.UWP\DemoAppX.UWP.csproj", "{7A3AD1BF-5D8C-4CE4-AD40-597F018559F2}"
EndProject
Project("{FAE04EC0-301F-11D3-BF4B-00C04F79EFBC}") = "DemoAppX.Android", "DemoAppX.Android\DemoAppX.Android.csproj", "{7FAE891A-037C-4571-AA16-A46A17814488}"
EndProject
Project("{FAE04EC0-301F-11D3-BF4B-00C04F79EFBC}") = "DemoAppX.iOS", "DemoAppX.iOS\DemoAppX.iOS.csproj", "{62B7F085-34C3-4448-8305-0828BD3CF421}"
EndProject
Project("{FAE04EC0-301F-11D3-BF4B-00C04F79EFBC}") = "DemoAppX", "DemoAppX\DemoAppX.csproj", "{852740EE-FB88-4154-9A8C-F1D90744207B}"
EndProject
Global
	GlobalSection(SolutionConfigurationPlatforms) = preSolution
		Debug|Any CPU = Debug|Any CPU
		Debug|ARM = Debug|ARM
		Debug|iPhone = Debug|iPhone
		Debug|iPhoneSimulator = Debug|iPhoneSimulator
		Debug|x64 = Debug|x64
		Debug|x86 = Debug|x86
		Release|Any CPU = Release|Any CPU
		Release|ARM = Release|ARM
		Release|iPhone = Release|iPhone
		Release|iPhoneSimulator = Release|iPhoneSimulator
		Release|x64 = Release|x64
		Release|x86 = Release|x86
	EndGlobalSection
	GlobalSection(ProjectConfigurationPlatforms) = postSolution
		{7A3AD1BF-5D8C-4CE4-AD40-597F018559F2}.Debug|Any CPU.ActiveCfg = Debug|x64
		{7A3AD1BF-5D8C-4CE4-AD40-597F018559F2}.Debug|Any CPU.Build.0 = Debug|x64
		{7A3AD1BF-5D8C-4CE4-AD40-597F018559F2}.Debug|Any CPU.Deploy.0 = Debug|x64
		{7A3AD1BF-5D8C-4CE4-AD40-597F018559F2}.Debug|ARM.ActiveCfg = Debug|ARM
		{7A3AD1BF-5D8C-4CE4-AD40-597F018559F2}.Debug|ARM.Build.0 = Debug|ARM
		{7A3AD1BF-5D8C-4CE4-AD40-597F018559F2}.Debug|ARM.Deploy.0 = Debug|ARM
		{7A3AD1BF-5D8C-4CE4-AD40-597F018559F2}.Debug|iPhone.ActiveCfg = Debug|x64
		{7A3AD1BF-5D8C-4CE4-AD40-597F018559F2}.Debug|iPhone.Build.0 = Debug|x64
		{7A3AD1BF-5D8C-4CE4-AD40-597F018559F2}.Debug|iPhone.Deploy.0 = Debug|x64
		{7A3AD1BF-5D8C-4CE4-AD40-597F018559F2}.Debug|iPhoneSimulator.ActiveCfg = Debug|x64
		{7A3AD1BF-5D8C-4CE4-AD40-597F018559F2}.Debug|iPhoneSimulator.Build.0 = Debug|x64
		{7A3AD1BF-5D8C-4CE4-AD40-597F018559F2}.Debug|iPhoneSimulator.Deploy.0 = Debug|x64
		{7A3AD1BF-5D8C-4CE4-AD40-597F018559F2}.Debug|x64.ActiveCfg = Debug|x64
		{7A3AD1BF-5D8C-4CE4-AD40-597F018559F2}.Debug|x64.Build.0 = Debug|x64
		{7A3AD1BF-5D8C-4CE4-AD40-597F018559F2}.Debug|x64.Deploy.0 = Debug|x64
		{7A3AD1BF-5D8C-4CE4-AD40-597F018559F2}.Debug|x86.ActiveCfg = Debug|x86
		{7A3AD1BF-5D8C-4CE4-AD40-597F018559F2}.Debug|x86.Build.0 = Debug|x86
		{7A3AD1BF-5D8C-4CE4-AD40-597F018559F2}.Debug|x86.Deploy.0 = Debug|x86
		{7A3AD1BF-5D8C-4CE4-AD40-597F018559F2}.Release|Any CPU.ActiveCfg = Release|x64
		{7A3AD1BF-5D8C-4CE4-AD40-597F018559F2}.Release|Any CPU.Build.0 = Release|x64
		{7A3AD1BF-5D8C-4CE4-AD40-597F018559F2}.Release|Any CPU.Deploy.0 = Release|x64
		{7A3AD1BF-5D8C-4CE4-AD40-597F018559F2}.Release|ARM.ActiveCfg = Release|ARM
		{7A3AD1BF-5D8C-4CE4-AD40-597F018559F2}.Release|ARM.Build.0 = Release|ARM
		{7A3AD1BF-5D8C-4CE4-AD40-597F018559F2}.Release|ARM.Deploy.0 = Release|ARM
		{7A3AD1BF-5D8C-4CE4-AD40-597F018559F2}.Release|iPhone.ActiveCfg = Release|x64
		{7A3AD1BF-5D8C-4CE4-AD40-597F018559F2}.Release|iPhone.Build.0 = Release|x64
		{7A3AD1BF-5D8C-4CE4-AD40-597F018559F2}.Release|iPhone.Deploy.0 = Release|x64
		{7A3AD1BF-5D8C-4CE4-AD40-597F018559F2}.Release|iPhoneSimulator.ActiveCfg = Release|x64
		{7A3AD1BF-5D8C-4CE4-AD40-597F018559F2}.Release|iPhoneSimulator.Build.0 = Release|x64
		{7A3AD1BF-5D8C-4CE4-AD40-597F018559F2}.Release|iPhoneSimulator.Deploy.0 = Release|x64
		{7A3AD1BF-5D8C-4CE4-AD40-597F018559F2}.Release|x64.ActiveCfg = Release|x64
		{7A3AD1BF-5D8C-4CE4-AD40-597F018559F2}.Release|x64.Build.0 = Release|x64
		{7A3AD1BF-5D8C-4CE4-AD40-597F018559F2}.Release|x64.Deploy.0 = Release|x64
		{7A3AD1BF-5D8C-4CE4-AD40-597F018559F2}.Release|x86.ActiveCfg = Release|x86
		{7A3AD1BF-5D8C-4CE4-AD40-597F018559F2}.Release|x86.Build.0 = Release|x86
		{7A3AD1BF-5D8C-4CE4-AD40-597F018559F2}.Release|x86.Deploy.0 = Release|x86
		{7FAE891A-037C-4571-AA16-A46A17814488}.Debug|Any CPU.ActiveCfg = Debug|Any CPU
		{7FAE891A-037C-4571-AA16-A46A17814488}.Debug|Any CPU.Build.0 = Debug|Any CPU
		{7FAE891A-037C-4571-AA16-A46A17814488}.Debug|Any CPU.Deploy.0 = Debug|Any CPU
		{7FAE891A-037C-4571-AA16-A46A17814488}.Debug|ARM.ActiveCfg = Debug|Any CPU
		{7FAE891A-037C-4571-AA16-A46A17814488}.Debug|ARM.Build.0 = Debug|Any CPU
		{7FAE891A-037C-4571-AA16-A46A17814488}.Debug|ARM.Deploy.0 = Debug|Any CPU
		{7FAE891A-037C-4571-AA16-A46A17814488}.Debug|iPhone.ActiveCfg = Debug|Any CPU
		{7FAE891A-037C-4571-AA16-A46A17814488}.Debug|iPhone.Build.0 = Debug|Any CPU
		{7FAE891A-037C-4571-AA16-A46A17814488}.Debug|iPhone.Deploy.0 = Debug|Any CPU
		{7FAE891A-037C-4571-AA16-A46A17814488}.Debug|iPhoneSimulator.ActiveCfg = Debug|Any CPU
		{7FAE891A-037C-4571-AA16-A46A17814488}.Debug|iPhoneSimulator.Build.0 = Debug|Any CPU
		{7FAE891A-037C-4571-AA16-A46A17814488}.Debug|iPhoneSimulator.Deploy.0 = Debug|Any CPU
		{7FAE891A-037C-4571-AA16-A46A17814488}.Debug|x64.ActiveCfg = Debug|Any CPU
		{7FAE891A-037C-4571-AA16-A46A17814488}.Debug|x64.Build.0 = Debug|Any CPU
		{7FAE891A-037C-4571-AA16-A46A17814488}.Debug|x64.Deploy.0 = Debug|Any CPU
		{7FAE891A-037C-4571-AA16-A46A17814488}.Debug|x86.ActiveCfg = Debug|Any CPU
		{7FAE891A-037C-4571-AA16-A46A17814488}.Debug|x86.Build.0 = Debug|Any CPU
		{7FAE891A-037C-4571-AA16-A46A17814488}.Debug|x86.Deploy.0 = Debug|Any CPU
		{7FAE891A-037C-4571-AA16-A46A17814488}.Release|Any CPU.ActiveCfg = Release|Any CPU
		{7FAE891A-037C-4571-AA16-A46A17814488}.Release|Any CPU.Build.0 = Release|Any CPU
		{7FAE891A-037C-4571-AA16-A46A17814488}.Release|Any CPU.Deploy.0 = Release|Any CPU
		{7FAE891A-037C-4571-AA16-A46A17814488}.Release|ARM.ActiveCfg = Release|Any CPU
		{7FAE891A-037C-4571-AA16-A46A17814488}.Release|ARM.Build.0 = Release|Any CPU
		{7FAE891A-037C-4571-AA16-A46A17814488}.Release|ARM.Deploy.0 = Release|Any CPU
		{7FAE891A-037C-4571-AA16-A46A17814488}.Release|iPhone.ActiveCfg = Release|Any CPU
		{7FAE891A-037C-4571-AA16-A46A17814488}.Release|iPhone.Build.0 = Release|Any CPU
		{7FAE891A-037C-4571-AA16-A46A17814488}.Release|iPhone.Deploy.0 = Release|Any CPU
		{7FAE891A-037C-4571-AA16-A46A17814488}.Release|iPhoneSimulator.ActiveCfg = Release|Any CPU
		{7FAE891A-037C-4571-AA16-A46A17814488}.Release|iPhoneSimulator.Build.0 = Release|Any CPU
		{7FAE891A-037C-4571-AA16-A46A17814488}.Release|iPhoneSimulator.Deploy.0 = Release|Any CPU
		{7FAE891A-037C-4571-AA16-A46A17814488}.Release|x64.ActiveCfg = Release|Any CPU
		{7FAE891A-037C-4571-AA16-A46A17814488}.Release|x64.Build.0 = Release|Any CPU
		{7FAE891A-037C-4571-AA16-A46A17814488}.Release|x64.Deploy.0 = Release|Any CPU
		{7FAE891A-037C-4571-AA16-A46A17814488}.Release|x86.ActiveCfg = Release|Any CPU
		{7FAE891A-037C-4571-AA16-A46A17814488}.Release|x86.Build.0 = Release|Any CPU
		{7FAE891A-037C-4571-AA16-A46A17814488}.Release|x86.Deploy.0 = Release|Any CPU
		{62B7F085-34C3-4448-8305-0828BD3CF421}.Debug|Any CPU.ActiveCfg = Debug|iPhoneSimulator
		{62B7F085-34C3-4448-8305-0828BD3CF421}.Debug|Any CPU.Build.0 = Debug|iPhoneSimulator
		{62B7F085-34C3-4448-8305-0828BD3CF421}.Debug|Any CPU.Deploy.0 = Debug|iPhoneSimulator
		{62B7F085-34C3-4448-8305-0828BD3CF421}.Debug|ARM.ActiveCfg = Debug|iPhoneSimulator
		{62B7F085-34C3-4448-8305-0828BD3CF421}.Debug|ARM.Build.0 = Debug|iPhoneSimulator
		{62B7F085-34C3-4448-8305-0828BD3CF421}.Debug|ARM.Deploy.0 = Debug|iPhoneSimulator
		{62B7F085-34C3-4448-8305-0828BD3CF421}.Debug|iPhone.ActiveCfg = Debug|iPhone
		{62B7F085-34C3-4448-8305-0828BD3CF421}.Debug|iPhone.Build.0 = Debug|iPhone
		{62B7F085-34C3-4448-8305-0828BD3CF421}.Debug|iPhone.Deploy.0 = Debug|iPhone
		{62B7F085-34C3-4448-8305-0828BD3CF421}.Debug|iPhoneSimulator.ActiveCfg = Debug|iPhoneSimulator
		{62B7F085-34C3-4448-8305-0828BD3CF421}.Debug|iPhoneSimulator.Build.0 = Debug|iPhoneSimulator
		{62B7F085-34C3-4448-8305-0828BD3CF421}.Debug|iPhoneSimulator.Deploy.0 = Debug|iPhoneSimulator
		{62B7F085-34C3-4448-8305-0828BD3CF421}.Debug|x64.ActiveCfg = Debug|iPhone
		{62B7F085-34C3-4448-8305-0828BD3CF421}.Debug|x64.Build.0 = Debug|iPhone
		{62B7F085-34C3-4448-8305-0828BD3CF421}.Debug|x64.Deploy.0 = Debug|iPhone
		{62B7F085-34C3-4448-8305-0828BD3CF421}.Debug|x86.ActiveCfg = Debug|iPhoneSimulator
		{62B7F085-34C3-4448-8305-0828BD3CF421}.Debug|x86.Build.0 = Debug|iPhoneSimulator
		{62B7F085-34C3-4448-8305-0828BD3CF421}.Debug|x86.Deploy.0 = Debug|iPhoneSimulator
		{62B7F085-34C3-4448-8305-0828BD3CF421}.Release|Any CPU.ActiveCfg = Release|iPhoneSimulator
		{62B7F085-34C3-4448-8305-0828BD3CF421}.Release|Any CPU.Build.0 = Release|iPhoneSimulator
		{62B7F085-34C3-4448-8305-0828BD3CF421}.Release|Any CPU.Deploy.0 = Release|iPhoneSimulator
		{62B7F085-34C3-4448-8305-0828BD3CF421}.Release|ARM.ActiveCfg = Release|iPhoneSimulator
		{62B7F085-34C3-4448-8305-0828BD3CF421}.Release|ARM.Build.0 = Release|iPhoneSimulator
		{62B7F085-34C3-4448-8305-0828BD3CF421}.Release|ARM.Deploy.0 = Release|iPhoneSimulator
		{62B7F085-34C3-4448-8305-0828BD3CF421}.Release|iPhone.ActiveCfg = Release|iPhone
		{62B7F085-34C3-4448-8305-0828BD3CF421}.Release|iPhone.Build.0 = Release|iPhone
		{62B7F085-34C3-4448-8305-0828BD3CF421}.Release|iPhone.Deploy.0 = Release|iPhone
		{62B7F085-34C3-4448-8305-0828BD3CF421}.Release|iPhoneSimulator.ActiveCfg = Release|iPhoneSimulator
		{62B7F085-34C3-4448-8305-0828BD3CF421}.Release|iPhoneSimulator.Build.0 = Release|iPhoneSimulator
		{62B7F085-34C3-4448-8305-0828BD3CF421}.Release|iPhoneSimulator.Deploy.0 = Release|iPhoneSimulator
		{62B7F085-34C3-4448-8305-0828BD3CF421}.Release|x64.ActiveCfg = Release|iPhoneSimulator
		{62B7F085-34C3-4448-8305-0828BD3CF421}.Release|x64.Build.0 = Release|iPhoneSimulator
		{62B7F085-34C3-4448-8305-0828BD3CF421}.Release|x64.Deploy.0 = Release|iPhoneSimulator
		{62B7F085-34C3-4448-8305-0828BD3CF421}.Release|x86.ActiveCfg = Release|iPhoneSimulator
		{62B7F085-34C3-4448-8305-0828BD3CF421}.Release|x86.Build.0 = Release|iPhoneSimulator
		{62B7F085-34C3-4448-8305-0828BD3CF421}.Release|x86.Deploy.0 = Release|iPhoneSimulator
		{852740EE-FB88-4154-9A8C-F1D90744207B}.Debug|Any CPU.ActiveCfg = Debug|Any CPU
		{852740EE-FB88-4154-9A8C-F1D90744207B}.Debug|Any CPU.Build.0 = Debug|Any CPU
		{852740EE-FB88-4154-9A8C-F1D90744207B}.Debug|Any CPU.Deploy.0 = Debug|Any CPU
		{852740EE-FB88-4154-9A8C-F1D90744207B}.Debug|ARM.ActiveCfg = Debug|Any CPU
		{852740EE-FB88-4154-9A8C-F1D90744207B}.Debug|ARM.Build.0 = Debug|Any CPU
		{852740EE-FB88-4154-9A8C-F1D90744207B}.Debug|ARM.Deploy.0 = Debug|Any CPU
		{852740EE-FB88-4154-9A8C-F1D90744207B}.Debug|iPhone.ActiveCfg = Debug|Any CPU
		{852740EE-FB88-4154-9A8C-F1D90744207B}.Debug|iPhone.Build.0 = Debug|Any CPU
		{852740EE-FB88-4154-9A8C-F1D90744207B}.Debug|iPhone.Deploy.0 = Debug|Any CPU
		{852740EE-FB88-4154-9A8C-F1D90744207B}.Debug|iPhoneSimulator.ActiveCfg = Debug|Any CPU
		{852740EE-FB88-4154-9A8C-F1D90744207B}.Debug|iPhoneSimulator.Build.0 = Debug|Any CPU
		{852740EE-FB88-4154-9A8C-F1D90744207B}.Debug|iPhoneSimulator.Deploy.0 = Debug|Any CPU
		{852740EE-FB88-4154-9A8C-F1D90744207B}.Debug|x64.ActiveCfg = Debug|Any CPU
		{852740EE-FB88-4154-9A8C-F1D90744207B}.Debug|x64.Build.0 = Debug|Any CPU
		{852740EE-FB88-4154-9A8C-F1D90744207B}.Debug|x64.Deploy.0 = Debug|Any CPU
		{852740EE-FB88-4154-9A8C-F1D90744207B}.Debug|x86.ActiveCfg = Debug|Any CPU
		{852740EE-FB88-4154-9A8C-F1D90744207B}.Debug|x86.Build.0 = Debug|Any CPU
		{852740EE-FB88-4154-9A8C-F1D90744207B}.Debug|x86.Deploy.0 = Debug|Any CPU
		{852740EE-FB88-4154-9A8C-F1D90744207B}.Release|Any CPU.ActiveCfg = Release|Any CPU
		{852740EE-FB88-4154-9A8C-F1D90744207B}.Release|Any CPU.Build.0 = Release|Any CPU
		{852740EE-FB88-4154-9A8C-F1D90744207B}.Release|Any CPU.Deploy.0 = Release|Any CPU
		{852740EE-FB88-4154-9A8C-F1D90744207B}.Release|ARM.ActiveCfg = Release|Any CPU
		{852740EE-FB88-4154-9A8C-F1D90744207B}.Release|ARM.Build.0 = Release|Any CPU
		{852740EE-FB88-4154-9A8C-F1D90744207B}.Release|ARM.Deploy.0 = Release|Any CPU
		{852740EE-FB88-4154-9A8C-F1D90744207B}.Release|iPhone.ActiveCfg = Release|Any CPU
		{852740EE-FB88-4154-9A8C-F1D90744207B}.Release|iPhone.Build.0 = Release|Any CPU
		{852740EE-FB88-4154-9A8C-F1D90744207B}.Release|iPhone.Deploy.0 = Release|Any CPU
		{852740EE-FB88-4154-9A8C-F1D90744207B}.Release|iPhoneSimulator.ActiveCfg = Release|Any CPU
		{852740EE-FB88-4154-9A8C-F1D90744207B}.Release|iPhoneSimulator.Build.0 = Release|Any CPU
		{852740EE-FB88-4154-9A8C-F1D90744207B}.Release|iPhoneSimulator.Deploy.0 = Release|Any CPU
		{852740EE-FB88-4154-9A8C-F1D90744207B}.Release|x64.ActiveCfg = Release|Any CPU
		{852740EE-FB88-4154-9A8C-F1D90744207B}.Release|x64.Build.0 = Release|Any CPU
		{852740EE-FB88-4154-9A8C-F1D90744207B}.Release|x64.Deploy.0 = Release|Any CPU
		{852740EE-FB88-4154-9A8C-F1D90744207B}.Release|x86.ActiveCfg = Release|Any CPU
		{852740EE-FB88-4154-9A8C-F1D90744207B}.Release|x86.Build.0 = Release|Any CPU
		{852740EE-FB88-4154-9A8C-F1D90744207B}.Release|x86.Deploy.0 = Release|Any CPU
	EndGlobalSection
	GlobalSection(SolutionProperties) = preSolution
		HideSolutionNode = FALSE
	EndGlobalSection
	GlobalSection(ExtensibilityGlobals) = postSolution
		SolutionGuid = {E6A943E0-6BD0-4F57-B68C-4866F8808693}
	EndGlobalSection
EndGlobal
